
Microsoft Visual Studio Solution File, Format Version 12.00
# Visual Studio Version 17
VisualStudioVersion = 17.7.34031.279
MinimumVisualStudioVersion = 10.0.40219.1
Project("{8BC9CEB8-8B4A-11D0-8D11-00A0C91BC942}") = "var4_1", "var4_1\var4_1.vcxproj", "{17344EDA-5D4F-4C1F-AB7C-BE5AA4FB4FC0}"
EndProject
Project("{8BC9CEB8-8B4A-11D0-8D11-00A0C91BC942}") = "var4_2", "var4_2\var4_2.vcxproj", "{5FB7C17C-F69D-4B33-9C8C-845F04EADDF9}"
EndProject
Global
	GlobalSection(SolutionConfigurationPlatforms) = preSolution
		Debug|x64 = Debug|x64
		Debug|x86 = Debug|x86
		Release|x64 = Release|x64
		Release|x86 = Release|x86
	EndGlobalSection
	GlobalSection(ProjectConfigurationPlatforms) = postSolution
		{17344EDA-5D4F-4C1F-AB7C-BE5AA4FB4FC0}.Debug|x64.ActiveCfg = Debug|x64
		{17344EDA-5D4F-4C1F-AB7C-BE5AA4FB4FC0}.Debug|x64.Build.0 = Debug|x64
		{17344EDA-5D4F-4C1F-AB7C-BE5AA4FB4FC0}.Debug|x86.ActiveCfg = Debug|Win32
		{17344EDA-5D4F-4C1F-AB7C-BE5AA4FB4FC0}.Debug|x86.Build.0 = Debug|Win32
		{17344EDA-5D4F-4C1F-AB7C-BE5AA4FB4FC0}.Release|x64.ActiveCfg = Release|x64
		{17344EDA-5D4F-4C1F-AB7C-BE5AA4FB4FC0}.Release|x64.Build.0 = Release|x64
		{17344EDA-5D4F-4C1F-AB7C-BE5AA4FB4FC0}.Release|x86.ActiveCfg = Release|Win32
		{17344EDA-5D4F-4C1F-AB7C-BE5AA4FB4FC0}.Release|x86.Build.0 = Release|Win32
		{5FB7C17C-F69D-4B33-9C8C-845F04EADDF9}.Debug|x64.ActiveCfg = Debug|x64
		{5FB7C17C-F69D-4B33-9C8C-845F04EADDF9}.Debug|x64.Build.0 = Debug|x64
		{5FB7C17C-F69D-4B33-9C8C-845F04EADDF9}.Debug|x86.ActiveCfg = Debug|Win32
		{5FB7C17C-F69D-4B33-9C8C-845F04EADDF9}.Debug|x86.Build.0 = Debug|Win32
		{5FB7C17C-F69D-4B33-9C8C-845F04EADDF9}.Release|x64.ActiveCfg = Release|x64
		{5FB7C17C-F69D-4B33-9C8C-845F04EADDF9}.Release|x64.Build.0 = Release|x64
		{5FB7C17C-F69D-4B33-9C8C-845F04EADDF9}.Release|x86.ActiveCfg = Release|Win32
		{5FB7C17C-F69D-4B33-9C8C-845F04EADDF9}.Release|x86.Build.0 = Release|Win32
	EndGlobalSection
	GlobalSection(SolutionProperties) = preSolution
		HideSolutionNode = FALSE
	EndGlobalSection
	GlobalSection(ExtensibilityGlobals) = postSolution
		SolutionGuid = {99254736-4C5F-493D-824D-81920843DAD4}
	EndGlobalSection
EndGlobal
